{
	"name": "MediaScanner",
	"lockfileVersion": 3,
	"requires": true,
	"packages": {
		"": {
			"dependencies": {
				"ps-node": "^0.1.6",
				"reflect-metadata": "^0.1.13",
				"tsyringe": "^4.8.0",
				"winplayer-node": "^1.0.6"
			},
			"devDependencies": {
				"@types/ps-node": "^0.1.1",
				"typescript": "^5.1.6"
			}
		},
		"node_modules/@types/ps-node": {
			"version": "0.1.1",
			"resolved": "https://registry.npmjs.org/@types/ps-node/-/ps-node-0.1.1.tgz",
			"integrity": "sha512-t/8CsMBQ1ekBIb+Soqxce6w8M7yt0jRoXgsWHkS66VQ9OcMDQeoRLzz+gGpVeBc8pVskOTwRbCqHxDOGFwkgsg==",
			"dev": true
		},
		"node_modules/bindings": {
			"version": "1.5.0",
			"resolved": "https://registry.npmjs.org/bindings/-/bindings-1.5.0.tgz",
			"integrity": "sha512-p2q/t/mhvuOj/UeLlV6566GD/guowlr0hHxClI0W9m7MWYkL1F0hLo+0Aexs9HSPCtR1SXQ0TD3MMKrXZajbiQ==",
			"dependencies": {
				"file-uri-to-path": "1.0.0"
			}
		},
		"node_modules/connected-domain": {
			"version": "1.0.0",
			"resolved": "https://registry.npmjs.org/connected-domain/-/connected-domain-1.0.0.tgz",
			"integrity": "sha512-lHlohUiJxlpunvDag2Y0pO20bnvarMjnrdciZeuJUqRwrf/5JHNhdpiPIr5GQ8IkqrFj5TDMQwcCjblGo1oeuA=="
		},
		"node_modules/file-uri-to-path": {
			"version": "1.0.0",
			"resolved": "https://registry.npmjs.org/file-uri-to-path/-/file-uri-to-path-1.0.0.tgz",
			"integrity": "sha512-0Zt+s3L7Vf1biwWZ29aARiVYLx7iMGnEUl9x33fbB/j3jR81u/O2LbqK+Bm1CDSNDKVtJ/YjwY7TUd5SkeLQLw=="
		},
		"node_modules/node-addon-api": {
			"version": "4.3.0",
			"resolved": "https://registry.npmjs.org/node-addon-api/-/node-addon-api-4.3.0.tgz",
			"integrity": "sha512-73sE9+3UaLYYFmDsFZnqCInzPyh3MqIwZO9cw58yIqAZhONrrabrYyYe3TuIqtIiOuTXVhsGau8hcrhhwSsDIQ=="
		},
		"node_modules/ps-node": {
			"version": "0.1.6",
			"resolved": "https://registry.npmjs.org/ps-node/-/ps-node-0.1.6.tgz",
			"integrity": "sha512-w7QJhUTbu70hpDso0YXDRNKCPNuchV8UTUZsAv0m7Qj5g85oHOJfr9drA1EjvK4nQK/bG8P97W4L6PJ3IQLoOA==",
			"dependencies": {
				"table-parser": "^0.1.3"
			}
		},
		"node_modules/reflect-metadata": {
			"version": "0.1.13",
			"resolved": "https://registry.npmjs.org/reflect-metadata/-/reflect-metadata-0.1.13.tgz",
			"integrity": "sha512-Ts1Y/anZELhSsjMcU605fU9RE4Oi3p5ORujwbIKXfWa+0Zxs510Qrmrce5/Jowq3cHSZSJqBjypxmHarc+vEWg=="
		},
		"node_modules/table-parser": {
			"version": "0.1.3",
			"resolved": "https://registry.npmjs.org/table-parser/-/table-parser-0.1.3.tgz",
			"integrity": "sha512-LCYeuvqqoPII3lzzYaXKbC3Forb+d2u4bNwhk/9FlivuGRxPE28YEWAYcujeSlLLDlMfvy29+WPybFJZFiKMYg==",
			"dependencies": {
				"connected-domain": "^1.0.0"
			}
		},
		"node_modules/tslib": {
			"version": "1.14.1",
			"resolved": "https://registry.npmjs.org/tslib/-/tslib-1.14.1.tgz",
			"integrity": "sha512-Xni35NKzjgMrwevysHTCArtLDpPvye8zV/0E4EyYn43P7/7qvQwPh9BGkHewbMulVntbigmcT7rdX3BNo9wRJg=="
		},
		"node_modules/tsyringe": {
			"version": "4.8.0",
			"resolved": "https://registry.npmjs.org/tsyringe/-/tsyringe-4.8.0.tgz",
			"integrity": "sha512-YB1FG+axdxADa3ncEtRnQCFq/M0lALGLxSZeVNbTU8NqhOVc51nnv2CISTcvc1kyv6EGPtXVr0v6lWeDxiijOA==",
			"dependencies": {
				"tslib": "^1.9.3"
			},
			"engines": {
				"node": ">= 6.0.0"
			}
		},
		"node_modules/typescript": {
			"version": "5.1.6",
			"resolved": "https://registry.npmjs.org/typescript/-/typescript-5.1.6.tgz",
			"integrity": "sha512-zaWCozRZ6DLEWAWFrVDz1H6FVXzUSfTy5FUMWsQlU8Ym5JP9eO4xkTIROFCQvhQf61z6O/G6ugw3SgAnvvm+HA==",
			"dev": true,
			"bin": {
				"tsc": "bin/tsc",
				"tsserver": "bin/tsserver"
			},
			"engines": {
				"node": ">=14.17"
			}
		},
		"node_modules/winplayer-node": {
			"version": "1.0.6",
			"resolved": "https://registry.npmjs.org/winplayer-node/-/winplayer-node-1.0.6.tgz",
			"integrity": "sha512-VdnAjY6whfehOLgs3EaWIXJ88aG1ebhOLQyK1j3LKxf6WRG5fvGh0VWPisoMyPIbCQ3A9WjpNCUeg+9PzsUNIA==",
			"hasInstallScript": true,
			"os": [
				"win32"
			],
			"dependencies": {
				"bindings": "^1.5.0",
				"node-addon-api": "^4.2.0"
			}
		}
	}
}
